
Microsoft Visual Studio Solution File, Format Version 12.00
# Visual Studio Version 17
VisualStudioVersion = 17.6.33815.320
MinimumVisualStudioVersion = 10.0.40219.1
Project("{8BC9CEB8-8B4A-11D0-8D11-00A0C91BC942}") = "OPL Game Installer", "OPL Game Installer\OPL Game Installer.vcxproj", "{1157B2FE-476C-425F-98BB-4712E3D3E0AC}"
EndProject
Global
	GlobalSection(SolutionConfigurationPlatforms) = preSolution
		Debug|x64 = Debug|x64
		Debug|x86 = Debug|x86
		Release|x64 = Release|x64
		Release|x86 = Release|x86
	EndGlobalSection
	GlobalSection(ProjectConfigurationPlatforms) = postSolution
		{1157B2FE-476C-425F-98BB-4712E3D3E0AC}.Debug|x64.ActiveCfg = Debug|x64
		{1157B2FE-476C-425F-98BB-4712E3D3E0AC}.Debug|x64.Build.0 = Debug|x64
		{1157B2FE-476C-425F-98BB-4712E3D3E0AC}.Debug|x86.ActiveCfg = Debug|Win32
		{1157B2FE-476C-425F-98BB-4712E3D3E0AC}.Debug|x86.Build.0 = Debug|Win32
		{1157B2FE-476C-425F-98BB-4712E3D3E0AC}.Release|x64.ActiveCfg = Release|x64
		{1157B2FE-476C-425F-98BB-4712E3D3E0AC}.Release|x64.Build.0 = Release|x64
		{1157B2FE-476C-425F-98BB-4712E3D3E0AC}.Release|x86.ActiveCfg = Release|Win32
		{1157B2FE-476C-425F-98BB-4712E3D3E0AC}.Release|x86.Build.0 = Release|Win32
	EndGlobalSection
	GlobalSection(SolutionProperties) = preSolution
		HideSolutionNode = FALSE
	EndGlobalSection
	GlobalSection(ExtensibilityGlobals) = postSolution
		SolutionGuid = {7A169FAA-3D76-46AE-A474-9946DBB52021}
	EndGlobalSection
EndGlobal
